
Microsoft Visual Studio Solution File, Format Version 12.00
# Visual Studio Version 17
VisualStudioVersion = 17.3.32825.248
MinimumVisualStudioVersion = 10.0.40219.1
Project("{9A19103F-16F7-4668-BE54-9A1E7A4F7556}") = "LoLHelper", "LoLHelper.csproj", "{86CC88A0-2CCE-4512-B3FC-1E57299C7E9A}"
EndProject
Project("{FAE04EC0-301F-11D3-BF4B-00C04F79EFBC}") = "DAL", "..\DAL\DAL.csproj", "{B53A0C67-423D-4801-915A-7553D2472EE9}"
EndProject
Global
	GlobalSection(SolutionConfigurationPlatforms) = preSolution
		Debug|Any CPU = Debug|Any CPU
		Release|Any CPU = Release|Any CPU
	EndGlobalSection
	GlobalSection(ProjectConfigurationPlatforms) = postSolution
		{86CC88A0-2CCE-4512-B3FC-1E57299C7E9A}.Debug|Any CPU.ActiveCfg = Debug|Any CPU
		{86CC88A0-2CCE-4512-B3FC-1E57299C7E9A}.Debug|Any CPU.Build.0 = Debug|Any CPU
		{86CC88A0-2CCE-4512-B3FC-1E57299C7E9A}.Release|Any CPU.ActiveCfg = Release|Any CPU
		{86CC88A0-2CCE-4512-B3FC-1E57299C7E9A}.Release|Any CPU.Build.0 = Release|Any CPU
		{B53A0C67-423D-4801-915A-7553D2472EE9}.Debug|Any CPU.ActiveCfg = Debug|Any CPU
		{B53A0C67-423D-4801-915A-7553D2472EE9}.Debug|Any CPU.Build.0 = Debug|Any CPU
		{B53A0C67-423D-4801-915A-7553D2472EE9}.Release|Any CPU.ActiveCfg = Release|Any CPU
		{B53A0C67-423D-4801-915A-7553D2472EE9}.Release|Any CPU.Build.0 = Release|Any CPU
	EndGlobalSection
	GlobalSection(SolutionProperties) = preSolution
		HideSolutionNode = FALSE
	EndGlobalSection
	GlobalSection(ExtensibilityGlobals) = postSolution
		SolutionGuid = {C725AF6E-529E-4E40-8462-E42C64E00F86}
	EndGlobalSection
EndGlobal
